// !$*UTF8*$!
{
	archiveVersion = 1;
	classes = {
	};
	objectVersion = 50;
	objects = {

/* Begin PBXBuildFile section */
		170312AC2638F6BB0085FA3B /* RecordingsViewController.swift in Sources */ = {isa = PBXBuildFile; fileRef = 170312AB2638F6BB0085FA3B /* RecordingsViewController.swift */; };
		170312B3263905BB0085FA3B /* RecordingTableViewCell.swift in Sources */ = {isa = PBXBuildFile; fileRef = 170312B2263905BB0085FA3B /* RecordingTableViewCell.swift */; };
		A5BCD55026397E5A0094F2AB /* TrainingViewController.swift in Sources */ = {isa = PBXBuildFile; fileRef = A5BCD54F26397E5A0094F2AB /* TrainingViewController.swift */; };
		A5C356AE2637C6DA00EAB3C9 /* AppDelegate.swift in Sources */ = {isa = PBXBuildFile; fileRef = A5C356AD2637C6DA00EAB3C9 /* AppDelegate.swift */; };
		A5C356B02637C6DA00EAB3C9 /* SceneDelegate.swift in Sources */ = {isa = PBXBuildFile; fileRef = A5C356AF2637C6DA00EAB3C9 /* SceneDelegate.swift */; };
		A5C356B22637C6DA00EAB3C9 /* ViewController.swift in Sources */ = {isa = PBXBuildFile; fileRef = A5C356B12637C6DA00EAB3C9 /* ViewController.swift */; };
		A5C356B52637C6DA00EAB3C9 /* Main.storyboard in Resources */ = {isa = PBXBuildFile; fileRef = A5C356B32637C6DA00EAB3C9 /* Main.storyboard */; };
		A5C356B72637C6DC00EAB3C9 /* Assets.xcassets in Resources */ = {isa = PBXBuildFile; fileRef = A5C356B62637C6DC00EAB3C9 /* Assets.xcassets */; };
		A5C356BA2637C6DC00EAB3C9 /* LaunchScreen.storyboard in Resources */ = {isa = PBXBuildFile; fileRef = A5C356B82637C6DC00EAB3C9 /* LaunchScreen.storyboard */; };
/* End PBXBuildFile section */

/* Begin PBXFileReference section */
		170312AB2638F6BB0085FA3B /* RecordingsViewController.swift */ = {isa = PBXFileReference; lastKnownFileType = sourcecode.swift; path = RecordingsViewController.swift; sourceTree = "<group>"; };
		170312B2263905BB0085FA3B /* RecordingTableViewCell.swift */ = {isa = PBXFileReference; lastKnownFileType = sourcecode.swift; path = RecordingTableViewCell.swift; sourceTree = "<group>"; };
		A5BCD54F26397E5A0094F2AB /* TrainingViewController.swift */ = {isa = PBXFileReference; lastKnownFileType = sourcecode.swift; path = TrainingViewController.swift; sourceTree = "<group>"; };
		A5C356AA2637C6DA00EAB3C9 /* Speakify.app */ = {isa = PBXFileReference; explicitFileType = wrapper.application; includeInIndex = 0; path = Speakify.app; sourceTree = BUILT_PRODUCTS_DIR; };
		A5C356AD2637C6DA00EAB3C9 /* AppDelegate.swift */ = {isa = PBXFileReference; lastKnownFileType = sourcecode.swift; path = AppDelegate.swift; sourceTree = "<group>"; };
		A5C356AF2637C6DA00EAB3C9 /* SceneDelegate.swift */ = {isa = PBXFileReference; lastKnownFileType = sourcecode.swift; path = SceneDelegate.swift; sourceTree = "<group>"; };
		A5C356B12637C6DA00EAB3C9 /* ViewController.swift */ = {isa = PBXFileReference; lastKnownFileType = sourcecode.swift; path = ViewController.swift; sourceTree = "<group>"; };
		A5C356B42637C6DA00EAB3C9 /* Base */ = {isa = PBXFileReference; lastKnownFileType = file.storyboard; name = Base; path = Base.lproj/Main.storyboard; sourceTree = "<group>"; };
		A5C356B62637C6DC00EAB3C9 /* Assets.xcassets */ = {isa = PBXFileReference; lastKnownFileType = folder.assetcatalog; path = Assets.xcassets; sourceTree = "<group>"; };
		A5C356B92637C6DC00EAB3C9 /* Base */ = {isa = PBXFileReference; lastKnownFileType = file.storyboard; name = Base; path = Base.lproj/LaunchScreen.storyboard; sourceTree = "<group>"; };
		A5C356BB2637C6DC00EAB3C9 /* Info.plist */ = {isa = PBXFileReference; lastKnownFileType = text.plist.xml; path = Info.plist; sourceTree = "<group>"; };
/* End PBXFileReference section */

/* Begin PBXFrameworksBuildPhase section */
		A5C356A72637C6DA00EAB3C9 /* Frameworks */ = {
			isa = PBXFrameworksBuildPhase;
			buildActionMask = 2147483647;
			files = (
			);
			runOnlyForDeploymentPostprocessing = 0;
		};
/* End PBXFrameworksBuildPhase section */

/* Begin PBXGroup section */
		A5C356A12637C6DA00EAB3C9 = {
			isa = PBXGroup;
			children = (
				A5C356AC2637C6DA00EAB3C9 /* Speakify */,
				A5C356AB2637C6DA00EAB3C9 /* Products */,
			);
			sourceTree = "<group>";
		};
		A5C356AB2637C6DA00EAB3C9 /* Products */ = {
			isa = PBXGroup;
			children = (
				A5C356AA2637C6DA00EAB3C9 /* Speakify.app */,
			);
			name = Products;
			sourceTree = "<group>";
		};
		A5C356AC2637C6DA00EAB3C9 /* Speakify */ = {
			isa = PBXGroup;
			children = (
				A5C356AD2637C6DA00EAB3C9 /* AppDelegate.swift */,
				A5C356AF2637C6DA00EAB3C9 /* SceneDelegate.swift */,
				A5C356B12637C6DA00EAB3C9 /* ViewController.swift */,
				A5C356B32637C6DA00EAB3C9 /* Main.storyboard */,
				A5BCD54F26397E5A0094F2AB /* TrainingViewController.swift */,
				170312B2263905BB0085FA3B /* RecordingTableViewCell.swift */,
				170312AB2638F6BB0085FA3B /* RecordingsViewController.swift */,
				A5C356B62637C6DC00EAB3C9 /* Assets.xcassets */,
				A5C356B82637C6DC00EAB3C9 /* LaunchScreen.storyboard */,
				A5C356BB2637C6DC00EAB3C9 /* Info.plist */,
			);
			path = Speakify;
			sourceTree = "<group>";
		};
/* End PBXGroup section */

/* Begin PBXNativeTarget section */
		A5C356A92637C6DA00EAB3C9 /* Speakify */ = {
			isa = PBXNativeTarget;
			buildConfigurationList = A5C356BE2637C6DC00EAB3C9 /* Build configuration list for PBXNativeTarget "Speakify" */;
			buildPhases = (
				A5C356A62637C6DA00EAB3C9 /* Sources */,
				A5C356A72637C6DA00EAB3C9 /* Frameworks */,
				A5C356A82637C6DA00EAB3C9 /* Resources */,
			);
			buildRules = (
			);
			dependencies = (
			);
			name = Speakify;
			productName = Speakify;
			productReference = A5C356AA2637C6DA00EAB3C9 /* Speakify.app */;
			productType = "com.apple.product-type.application";
		};
/* End PBXNativeTarget section */

/* Begin PBXProject section */
		A5C356A22637C6DA00EAB3C9 /* Project object */ = {
			isa = PBXProject;
			attributes = {
				LastSwiftUpdateCheck = 1240;
				LastUpgradeCheck = 1240;
				TargetAttributes = {
					A5C356A92637C6DA00EAB3C9 = {
						CreatedOnToolsVersion = 12.4;
					};
				};
			};
			buildConfigurationList = A5C356A52637C6DA00EAB3C9 /* Build configuration list for PBXProject "Speakify" */;
			compatibilityVersion = "Xcode 9.3";
			developmentRegion = en;
			hasScannedForEncodings = 0;
			knownRegions = (
				en,
				Base,
			);
			mainGroup = A5C356A12637C6DA00EAB3C9;
			productRefGroup = A5C356AB2637C6DA00EAB3C9 /* Products */;
			projectDirPath = "";
			projectRoot = "";
			targets = (
				A5C356A92637C6DA00EAB3C9 /* Speakify */,
			);
		};
/* End PBXProject section */

/* Begin PBXResourcesBuildPhase section */
		A5C356A82637C6DA00EAB3C9 /* Resources */ = {
			isa = PBXResourcesBuildPhase;
			buildActionMask = 2147483647;
			files = (
				A5C356BA2637C6DC00EAB3C9 /* LaunchScreen.storyboard in Resources */,
				A5C356B72637C6DC00EAB3C9 /* Assets.xcassets in Resources */,
				A5C356B52637C6DA00EAB3C9 /* Main.storyboard in Resources */,
			);
			runOnlyForDeploymentPostprocessing = 0;
		};
/* End PBXResourcesBuildPhase section */

/* Begin PBXSourcesBuildPhase section */
		A5C356A62637C6DA00EAB3C9 /* Sources */ = {
			isa = PBXSourcesBuildPhase;
			buildActionMask = 2147483647;
			files = (
				A5BCD55026397E5A0094F2AB /* TrainingViewController.swift in Sources */,
				170312AC2638F6BB0085FA3B /* RecordingsViewController.swift in Sources */,
				170312B3263905BB0085FA3B /* RecordingTableViewCell.swift in Sources */,
				A5C356B22637C6DA00EAB3C9 /* ViewController.swift in Sources */,
				A5C356AE2637C6DA00EAB3C9 /* AppDelegate.swift in Sources */,
				A5C356B02637C6DA00EAB3C9 /* SceneDelegate.swift in Sources */,
			);
			runOnlyForDeploymentPostprocessing = 0;
		};
/* End PBXSourcesBuildPhase section */

/* Begin PBXVariantGroup section */
		A5C356B32637C6DA00EAB3C9 /* Main.storyboard */ = {
			isa = PBXVariantGroup;
			children = (
				A5C356B42637C6DA00EAB3C9 /* Base */,
			);
			name = Main.storyboard;
			sourceTree = "<group>";
		};
		A5C356B82637C6DC00EAB3C9 /* LaunchScreen.storyboard */ = {
			isa = PBXVariantGroup;
			children = (
				A5C356B92637C6DC00EAB3C9 /* Base */,
			);
			name = LaunchScreen.storyboard;
			sourceTree = "<group>";
		};
/* End PBXVariantGroup section */

/* Begin XCBuildConfiguration section */
		A5C356BC2637C6DC00EAB3C9 /* Debug */ = {
			isa = XCBuildConfiguration;
			buildSettings = {
				ALWAYS_SEARCH_USER_PATHS = NO;
				CLANG_ANALYZER_NONNULL = YES;
				CLANG_ANALYZER_NUMBER_OBJECT_CONVERSION = YES_AGGRESSIVE;
				CLANG_CXX_LANGUAGE_STANDARD = "gnu++14";
				CLANG_CXX_LIBRARY = "libc++";
				CLANG_ENABLE_MODULES = YES;
				CLANG_ENABLE_OBJC_ARC = YES;
				CLANG_ENABLE_OBJC_WEAK = YES;
				CLANG_WARN_BLOCK_CAPTURE_AUTORELEASING = YES;
				CLANG_WARN_BOOL_CONVERSION = YES;
				CLANG_WARN_COMMA = YES;
				CLANG_WARN_CONSTANT_CONVERSION = YES;
				CLANG_WARN_DEPRECATED_OBJC_IMPLEMENTATIONS = YES;
				CLANG_WARN_DIRECT_OBJC_ISA_USAGE = YES_ERROR;
				CLANG_WARN_DOCUMENTATION_COMMENTS = YES;
				CLANG_WARN_EMPTY_BODY = YES;
				CLANG_WARN_ENUM_CONVERSION = YES;
				CLANG_WARN_INFINITE_RECURSION = YES;
				CLANG_WARN_INT_CONVERSION = YES;
				CLANG_WARN_NON_LITERAL_NULL_CONVERSION = YES;
				CLANG_WARN_OBJC_IMPLICIT_RETAIN_SELF = YES;
				CLANG_WARN_OBJC_LITERAL_CONVERSION = YES;
				CLANG_WARN_OBJC_ROOT_CLASS = YES_ERROR;
				CLANG_WARN_QUOTED_INCLUDE_IN_FRAMEWORK_HEADER = YES;
				CLANG_WARN_RANGE_LOOP_ANALYSIS = YES;
				CLANG_WARN_STRICT_PROTOTYPES = YES;
				CLANG_WARN_SUSPICIOUS_MOVE = YES;
				CLANG_WARN_UNGUARDED_AVAILABILITY = YES_AGGRESSIVE;
				CLANG_WARN_UNREACHABLE_CODE = YES;
				CLANG_WARN__DUPLICATE_METHOD_MATCH = YES;
				COPY_PHASE_STRIP = NO;
				DEBUG_INFORMATION_FORMAT = dwarf;
				ENABLE_STRICT_OBJC_MSGSEND = YES;
				ENABLE_TESTABILITY = YES;
				GCC_C_LANGUAGE_STANDARD = gnu11;
				GCC_DYNAMIC_NO_PIC = NO;
				GCC_NO_COMMON_BLOCKS = YES;
				GCC_OPTIMIZATION_LEVEL = 0;
				GCC_PREPROCESSOR_DEFINITIONS = (
					"DEBUG=1",
					"$(inherited)",
				);
				GCC_WARN_64_TO_32_BIT_CONVERSION = YES;
				GCC_WARN_ABOUT_RETURN_TYPE = YES_ERROR;
				GCC_WARN_UNDECLARED_SELECTOR = YES;
				GCC_WARN_UNINITIALIZED_AUTOS = YES_AGGRESSIVE;
				GCC_WARN_UNUSED_FUNCTION = YES;
				GCC_WARN_UNUSED_VARIABLE = YES;
				IPHONEOS_DEPLOYMENT_TARGET = 14.4;
				MTL_ENABLE_DEBUG_INFO = INCLUDE_SOURCE;
				MTL_FAST_MATH = YES;
				ONLY_ACTIVE_ARCH = YES;
				SDKROOT = iphoneos;
				SWIFT_ACTIVE_COMPILATION_CONDITIONS = DEBUG;
				SWIFT_OPTIMIZATION_LEVEL = "-Onone";
			};
			name = Debug;
		};
		A5C356BD2637C6DC00EAB3C9 /* Release */ = {
			isa = XCBuildConfiguration;
			buildSettings = {
				ALWAYS_SEARCH_USER_PATHS = NO;
				CLANG_ANALYZER_NONNULL = YES;
				CLANG_ANALYZER_NUMBER_OBJECT_CONVERSION = YES_AGGRESSIVE;
				CLANG_CXX_LANGUAGE_STANDARD = "gnu++14";
				CLANG_CXX_LIBRARY = "libc++";
				CLANG_ENABLE_MODULES = YES;
				CLANG_ENABLE_OBJC_ARC = YES;
				CLANG_ENABLE_OBJC_WEAK = YES;
				CLANG_WARN_BLOCK_CAPTURE_AUTORELEASING = YES;
				CLANG_WARN_BOOL_CONVERSION = YES;
				CLANG_WARN_COMMA = YES;
				CLANG_WARN_CONSTANT_CONVERSION = YES;
				CLANG_WARN_DEPRECATED_OBJC_IMPLEMENTATIONS = YES;
				CLANG_WARN_DIRECT_OBJC_ISA_USAGE = YES_ERROR;
				CLANG_WARN_DOCUMENTATION_COMMENTS = YES;
				CLANG_WARN_EMPTY_BODY = YES;
				CLANG_WARN_ENUM_CONVERSION = YES;
				CLANG_WARN_INFINITE_RECURSION = YES;
				CLANG_WARN_INT_CONVERSION = YES;
				CLANG_WARN_NON_LITERAL_NULL_CONVERSION = YES;
				CLANG_WARN_OBJC_IMPLICIT_RETAIN_SELF = YES;
				CLANG_WARN_OBJC_LITERAL_CONVERSION = YES;
				CLANG_WARN_OBJC_ROOT_CLASS = YES_ERROR;
				CLANG_WARN_QUOTED_INCLUDE_IN_FRAMEWORK_HEADER = YES;
				CLANG_WARN_RANGE_LOOP_ANALYSIS = YES;
				CLANG_WARN_STRICT_PROTOTYPES = YES;
				CLANG_WARN_SUSPICIOUS_MOVE = YES;
				CLANG_WARN_UNGUARDED_AVAILABILITY = YES_AGGRESSIVE;
				CLANG_WARN_UNREACHABLE_CODE = YES;
				CLANG_WARN__DUPLICATE_METHOD_MATCH = YES;
				COPY_PHASE_STRIP = NO;
				DEBUG_INFORMATION_FORMAT = "dwarf-with-dsym";
				ENABLE_NS_ASSERTIONS = NO;
				ENABLE_STRICT_OBJC_MSGSEND = YES;
				GCC_C_LANGUAGE_STANDARD = gnu11;
				GCC_NO_COMMON_BLOCKS = YES;
				GCC_WARN_64_TO_32_BIT_CONVERSION = YES;
				GCC_WARN_ABOUT_RETURN_TYPE = YES_ERROR;
				GCC_WARN_UNDECLARED_SELECTOR = YES;
				GCC_WARN_UNINITIALIZED_AUTOS = YES_AGGRESSIVE;
				GCC_WARN_UNUSED_FUNCTION = YES;
				GCC_WARN_UNUSED_VARIABLE = YES;
				IPHONEOS_DEPLOYMENT_TARGET = 14.4;
				MTL_ENABLE_DEBUG_INFO = NO;
				MTL_FAST_MATH = YES;
				SDKROOT = iphoneos;
				SWIFT_COMPILATION_MODE = wholemodule;
				SWIFT_OPTIMIZATION_LEVEL = "-O";
				VALIDATE_PRODUCT = YES;
			};
			name = Release;
		};
		A5C356BF2637C6DC00EAB3C9 /* Debug */ = {
			isa = XCBuildConfiguration;
			buildSettings = {
				ASSETCATALOG_COMPILER_APPICON_NAME = AppIcon;
				ASSETCATALOG_COMPILER_GLOBAL_ACCENT_COLOR_NAME = AccentColor;
				CODE_SIGN_STYLE = Automatic;
				DEVELOPMENT_TEAM = YKQLRUN464;
				INFOPLIST_FILE = Speakify/Info.plist;
				LD_RUNPATH_SEARCH_PATHS = (
					"$(inherited)",
					"@executable_path/Frameworks",
				);
				PRODUCT_BUNDLE_IDENTIFIER = com.aldinonid.Speakify;
				PRODUCT_NAME = "$(TARGET_NAME)";
				SWIFT_VERSION = 5.0;
				TARGETED_DEVICE_FAMILY = "1,2";
			};
			name = Debug;
		};
		A5C356C02637C6DC00EAB3C9 /* Release */ = {
			isa = XCBuildConfiguration;
			buildSettings = {
				ASSETCATALOG_COMPILER_APPICON_NAME = AppIcon;
				ASSETCATALOG_COMPILER_GLOBAL_ACCENT_COLOR_NAME = AccentColor;
				CODE_SIGN_STYLE = Automatic;
				DEVELOPMENT_TEAM = YKQLRUN464;
				INFOPLIST_FILE = Speakify/Info.plist;
				LD_RUNPATH_SEARCH_PATHS = (
					"$(inherited)",
					"@executable_path/Frameworks",
				);
				PRODUCT_BUNDLE_IDENTIFIER = com.aldinonid.Speakify;
				PRODUCT_NAME = "$(TARGET_NAME)";
				SWIFT_VERSION = 5.0;
				TARGETED_DEVICE_FAMILY = "1,2";
			};
			name = Release;
		};
/* End XCBuildConfiguration section */

/* Begin XCConfigurationList section */
		A5C356A52637C6DA00EAB3C9 /* Build configuration list for PBXProject "Speakify" */ = {
			isa = XCConfigurationList;
			buildConfigurations = (
				A5C356BC2637C6DC00EAB3C9 /* Debug */,
				A5C356BD2637C6DC00EAB3C9 /* Release */,
			);
			defaultConfigurationIsVisible = 0;
			defaultConfigurationName = Release;
		};
		A5C356BE2637C6DC00EAB3C9 /* Build configuration list for PBXNativeTarget "Speakify" */ = {
			isa = XCConfigurationList;
			buildConfigurations = (
				A5C356BF2637C6DC00EAB3C9 /* Debug */,
				A5C356C02637C6DC00EAB3C9 /* Release */,
			);
			defaultConfigurationIsVisible = 0;
			defaultConfigurationName = Release;
		};
/* End XCConfigurationList section */
	};
	rootObject = A5C356A22637C6DA00EAB3C9 /* Project object */;
}
